
Microsoft Visual Studio Solution File, Format Version 12.00
# Visual Studio Version 16
VisualStudioVersion = 16.0.28922.388
MinimumVisualStudioVersion = 10.0.40219.1
Project("{FAE04EC0-301F-11D3-BF4B-00C04F79EFBC}") = "StreamsExercise1", "StreamsExercise1\StreamsExercise1.csproj", "{EA430495-EA5D-456D-BD8C-3EA159E9CB8F}"
EndProject
Project("{FAE04EC0-301F-11D3-BF4B-00C04F79EFBC}") = "StreamsExercise2", "StreamsExercise2\StreamsExercise2.csproj", "{C287782A-70B2-47C5-9FDC-AA89F70E2C9A}"
EndProject
Global
	GlobalSection(SolutionConfigurationPlatforms) = preSolution
		Debug|Any CPU = Debug|Any CPU
		Release|Any CPU = Release|Any CPU
	EndGlobalSection
	GlobalSection(ProjectConfigurationPlatforms) = postSolution
		{EA430495-EA5D-456D-BD8C-3EA159E9CB8F}.Debug|Any CPU.ActiveCfg = Debug|Any CPU
		{EA430495-EA5D-456D-BD8C-3EA159E9CB8F}.Debug|Any CPU.Build.0 = Debug|Any CPU
		{EA430495-EA5D-456D-BD8C-3EA159E9CB8F}.Release|Any CPU.ActiveCfg = Release|Any CPU
		{EA430495-EA5D-456D-BD8C-3EA159E9CB8F}.Release|Any CPU.Build.0 = Release|Any CPU
		{C287782A-70B2-47C5-9FDC-AA89F70E2C9A}.Debug|Any CPU.ActiveCfg = Debug|Any CPU
		{C287782A-70B2-47C5-9FDC-AA89F70E2C9A}.Debug|Any CPU.Build.0 = Debug|Any CPU
		{C287782A-70B2-47C5-9FDC-AA89F70E2C9A}.Release|Any CPU.ActiveCfg = Release|Any CPU
		{C287782A-70B2-47C5-9FDC-AA89F70E2C9A}.Release|Any CPU.Build.0 = Release|Any CPU
	EndGlobalSection
	GlobalSection(SolutionProperties) = preSolution
		HideSolutionNode = FALSE
	EndGlobalSection
	GlobalSection(ExtensibilityGlobals) = postSolution
		SolutionGuid = {BEB86A27-D45B-4AF8-B324-3DC77EBC37FC}
	EndGlobalSection
EndGlobal
