
Microsoft Visual Studio Solution File, Format Version 12.00
# Visual Studio Version 16
VisualStudioVersion = 16.0.28917.181
MinimumVisualStudioVersion = 10.0.40219.1
Project("{FAE04EC0-301F-11D3-BF4B-00C04F79EFBC}") = "DefineAClassPerson", "DefineAClassPerson\DefineAClassPerson.csproj", "{48F9D1AF-0A0D-4BC2-A322-6731C465251F}"
EndProject
Project("{FAE04EC0-301F-11D3-BF4B-00C04F79EFBC}") = "CreatingConstructors", "CreatingConstructors\CreatingConstructors.csproj", "{09DEA19B-CE8F-4213-B9A0-D6ACB2B3E7BC}"
EndProject
Project("{FAE04EC0-301F-11D3-BF4B-00C04F79EFBC}") = "OldestFamilyMember", "OldestFamilyMember\OldestFamilyMember.csproj", "{844B23A2-C228-485E-B2C5-B5D280A32B97}"
EndProject
Global
	GlobalSection(SolutionConfigurationPlatforms) = preSolution
		Debug|Any CPU = Debug|Any CPU
		Release|Any CPU = Release|Any CPU
	EndGlobalSection
	GlobalSection(ProjectConfigurationPlatforms) = postSolution
		{48F9D1AF-0A0D-4BC2-A322-6731C465251F}.Debug|Any CPU.ActiveCfg = Debug|Any CPU
		{48F9D1AF-0A0D-4BC2-A322-6731C465251F}.Debug|Any CPU.Build.0 = Debug|Any CPU
		{48F9D1AF-0A0D-4BC2-A322-6731C465251F}.Release|Any CPU.ActiveCfg = Release|Any CPU
		{48F9D1AF-0A0D-4BC2-A322-6731C465251F}.Release|Any CPU.Build.0 = Release|Any CPU
		{09DEA19B-CE8F-4213-B9A0-D6ACB2B3E7BC}.Debug|Any CPU.ActiveCfg = Debug|Any CPU
		{09DEA19B-CE8F-4213-B9A0-D6ACB2B3E7BC}.Debug|Any CPU.Build.0 = Debug|Any CPU
		{09DEA19B-CE8F-4213-B9A0-D6ACB2B3E7BC}.Release|Any CPU.ActiveCfg = Release|Any CPU
		{09DEA19B-CE8F-4213-B9A0-D6ACB2B3E7BC}.Release|Any CPU.Build.0 = Release|Any CPU
		{844B23A2-C228-485E-B2C5-B5D280A32B97}.Debug|Any CPU.ActiveCfg = Debug|Any CPU
		{844B23A2-C228-485E-B2C5-B5D280A32B97}.Debug|Any CPU.Build.0 = Debug|Any CPU
		{844B23A2-C228-485E-B2C5-B5D280A32B97}.Release|Any CPU.ActiveCfg = Release|Any CPU
		{844B23A2-C228-485E-B2C5-B5D280A32B97}.Release|Any CPU.Build.0 = Release|Any CPU
	EndGlobalSection
	GlobalSection(SolutionProperties) = preSolution
		HideSolutionNode = FALSE
	EndGlobalSection
	GlobalSection(ExtensibilityGlobals) = postSolution
		SolutionGuid = {346A3827-DCBF-47FE-9222-EC0622C383F7}
	EndGlobalSection
EndGlobal
