
Microsoft Visual Studio Solution File, Format Version 12.00
# Visual Studio Version 16
VisualStudioVersion = 16.0.28917.181
MinimumVisualStudioVersion = 10.0.40219.1
Project("{9A19103F-16F7-4668-BE54-9A1E7A4F7556}") = "DefineAClassPerson", "DefineAClassPerson\DefineAClassPerson.csproj", "{48F9D1AF-0A0D-4BC2-A322-6731C465251F}"
EndProject
Project("{9A19103F-16F7-4668-BE54-9A1E7A4F7556}") = "CreatingConstructors", "CreatingConstructors\CreatingConstructors.csproj", "{09DEA19B-CE8F-4213-B9A0-D6ACB2B3E7BC}"
EndProject
Project("{9A19103F-16F7-4668-BE54-9A1E7A4F7556}") = "OldestFamilyMember", "OldestFamilyMember\OldestFamilyMember.csproj", "{844B23A2-C228-485E-B2C5-B5D280A32B97}"
EndProject
Project("{9A19103F-16F7-4668-BE54-9A1E7A4F7556}") = "OpinionPoll", "OpinionPoll\OpinionPoll.csproj", "{307A7E0D-B1E7-4073-8513-DDF220AAAB8D}"
EndProject
Project("{9A19103F-16F7-4668-BE54-9A1E7A4F7556}") = "DateModifier", "DateModifier\DateModifier.csproj", "{2ADE76BF-0692-49F2-88CA-54BC2CF973A6}"
EndProject
Project("{FAE04EC0-301F-11D3-BF4B-00C04F79EFBC}") = "SpeedRacing", "SpeedRacing\SpeedRacing.csproj", "{E59DA289-E591-4F53-BCE1-5CC3561B6ED9}"
EndProject
Global
	GlobalSection(SolutionConfigurationPlatforms) = preSolution
		Debug|Any CPU = Debug|Any CPU
		Release|Any CPU = Release|Any CPU
	EndGlobalSection
	GlobalSection(ProjectConfigurationPlatforms) = postSolution
		{48F9D1AF-0A0D-4BC2-A322-6731C465251F}.Debug|Any CPU.ActiveCfg = Debug|Any CPU
		{48F9D1AF-0A0D-4BC2-A322-6731C465251F}.Debug|Any CPU.Build.0 = Debug|Any CPU
		{48F9D1AF-0A0D-4BC2-A322-6731C465251F}.Release|Any CPU.ActiveCfg = Release|Any CPU
		{48F9D1AF-0A0D-4BC2-A322-6731C465251F}.Release|Any CPU.Build.0 = Release|Any CPU
		{09DEA19B-CE8F-4213-B9A0-D6ACB2B3E7BC}.Debug|Any CPU.ActiveCfg = Debug|Any CPU
		{09DEA19B-CE8F-4213-B9A0-D6ACB2B3E7BC}.Debug|Any CPU.Build.0 = Debug|Any CPU
		{09DEA19B-CE8F-4213-B9A0-D6ACB2B3E7BC}.Release|Any CPU.ActiveCfg = Release|Any CPU
		{09DEA19B-CE8F-4213-B9A0-D6ACB2B3E7BC}.Release|Any CPU.Build.0 = Release|Any CPU
		{844B23A2-C228-485E-B2C5-B5D280A32B97}.Debug|Any CPU.ActiveCfg = Debug|Any CPU
		{844B23A2-C228-485E-B2C5-B5D280A32B97}.Debug|Any CPU.Build.0 = Debug|Any CPU
		{844B23A2-C228-485E-B2C5-B5D280A32B97}.Release|Any CPU.ActiveCfg = Release|Any CPU
		{844B23A2-C228-485E-B2C5-B5D280A32B97}.Release|Any CPU.Build.0 = Release|Any CPU
		{307A7E0D-B1E7-4073-8513-DDF220AAAB8D}.Debug|Any CPU.ActiveCfg = Debug|Any CPU
		{307A7E0D-B1E7-4073-8513-DDF220AAAB8D}.Debug|Any CPU.Build.0 = Debug|Any CPU
		{307A7E0D-B1E7-4073-8513-DDF220AAAB8D}.Release|Any CPU.ActiveCfg = Release|Any CPU
		{307A7E0D-B1E7-4073-8513-DDF220AAAB8D}.Release|Any CPU.Build.0 = Release|Any CPU
		{2ADE76BF-0692-49F2-88CA-54BC2CF973A6}.Debug|Any CPU.ActiveCfg = Debug|Any CPU
		{2ADE76BF-0692-49F2-88CA-54BC2CF973A6}.Debug|Any CPU.Build.0 = Debug|Any CPU
		{2ADE76BF-0692-49F2-88CA-54BC2CF973A6}.Release|Any CPU.ActiveCfg = Release|Any CPU
		{2ADE76BF-0692-49F2-88CA-54BC2CF973A6}.Release|Any CPU.Build.0 = Release|Any CPU
		{E59DA289-E591-4F53-BCE1-5CC3561B6ED9}.Debug|Any CPU.ActiveCfg = Debug|Any CPU
		{E59DA289-E591-4F53-BCE1-5CC3561B6ED9}.Debug|Any CPU.Build.0 = Debug|Any CPU
		{E59DA289-E591-4F53-BCE1-5CC3561B6ED9}.Release|Any CPU.ActiveCfg = Release|Any CPU
		{E59DA289-E591-4F53-BCE1-5CC3561B6ED9}.Release|Any CPU.Build.0 = Release|Any CPU
	EndGlobalSection
	GlobalSection(SolutionProperties) = preSolution
		HideSolutionNode = FALSE
	EndGlobalSection
	GlobalSection(ExtensibilityGlobals) = postSolution
		SolutionGuid = {346A3827-DCBF-47FE-9222-EC0622C383F7}
	EndGlobalSection
EndGlobal
