
Microsoft Visual Studio Solution File, Format Version 12.00
# Visual Studio Version 16
VisualStudioVersion = 16.0.28922.388
MinimumVisualStudioVersion = 10.0.40219.1
Project("{9A19103F-16F7-4668-BE54-9A1E7A4F7556}") = "Exercise1", "Exercise1\Exercise1.csproj", "{4EF05406-E79A-40A9-B8F4-BC50B03FBE1B}"
EndProject
Project("{9A19103F-16F7-4668-BE54-9A1E7A4F7556}") = "Exercise2", "Exercise2\Exercise2.csproj", "{5F2EC748-B6B9-47D7-AF72-86F130BEC5DC}"
EndProject
Project("{9A19103F-16F7-4668-BE54-9A1E7A4F7556}") = "Exercise3", "Exercise3\Exercise3.csproj", "{F945B691-62A9-4F6D-B04D-E87EAFB49EFF}"
EndProject
Project("{9A19103F-16F7-4668-BE54-9A1E7A4F7556}") = "Exercise4", "Exercise4\Exercise4.csproj", "{5CCD4E63-FB51-41FE-B24F-2F4D4C31790B}"
EndProject
Project("{9A19103F-16F7-4668-BE54-9A1E7A4F7556}") = "Exercise5", "Exercise5\Exercise5.csproj", "{93014912-AD73-40B7-84B8-060A88D2145D}"
EndProject
Project("{9A19103F-16F7-4668-BE54-9A1E7A4F7556}") = "Exercise6", "Exercise6\Exercise6.csproj", "{E17C5557-5BD2-4DCB-B90D-4218F2DF5136}"
EndProject
Project("{9A19103F-16F7-4668-BE54-9A1E7A4F7556}") = "Exercise7", "Exercise7\Exercise7.csproj", "{B1741D5F-0ED1-4E26-8DE1-E910C7FE6B69}"
EndProject
Project("{9A19103F-16F7-4668-BE54-9A1E7A4F7556}") = "Exercise8", "Exercise8\Exercise8.csproj", "{0877541A-BD9F-448C-A282-31113EEE2781}"
EndProject
Project("{9A19103F-16F7-4668-BE54-9A1E7A4F7556}") = "Exercise9", "Exercise9\Exercise9.csproj", "{27921A18-B8B6-42D0-8F4B-8AD9B136E790}"
EndProject
Project("{FAE04EC0-301F-11D3-BF4B-00C04F79EFBC}") = "Exercise10", "Exercise10\Exercise10.csproj", "{90C19208-544A-48DD-B1D0-AB85B7519C8E}"
EndProject
Project("{FAE04EC0-301F-11D3-BF4B-00C04F79EFBC}") = "Exercise11", "Exercise11\Exercise11.csproj", "{C6F66826-F727-43CB-9EBE-384D0762DDB7}"
EndProject
Project("{FAE04EC0-301F-11D3-BF4B-00C04F79EFBC}") = "Exercise12", "Exercise12\Exercise12.csproj", "{A46380C5-2EFF-4869-94F6-C92159C7672F}"
EndProject
Global
	GlobalSection(SolutionConfigurationPlatforms) = preSolution
		Debug|Any CPU = Debug|Any CPU
		Release|Any CPU = Release|Any CPU
	EndGlobalSection
	GlobalSection(ProjectConfigurationPlatforms) = postSolution
		{4EF05406-E79A-40A9-B8F4-BC50B03FBE1B}.Debug|Any CPU.ActiveCfg = Debug|Any CPU
		{4EF05406-E79A-40A9-B8F4-BC50B03FBE1B}.Debug|Any CPU.Build.0 = Debug|Any CPU
		{4EF05406-E79A-40A9-B8F4-BC50B03FBE1B}.Release|Any CPU.ActiveCfg = Release|Any CPU
		{4EF05406-E79A-40A9-B8F4-BC50B03FBE1B}.Release|Any CPU.Build.0 = Release|Any CPU
		{5F2EC748-B6B9-47D7-AF72-86F130BEC5DC}.Debug|Any CPU.ActiveCfg = Debug|Any CPU
		{5F2EC748-B6B9-47D7-AF72-86F130BEC5DC}.Debug|Any CPU.Build.0 = Debug|Any CPU
		{5F2EC748-B6B9-47D7-AF72-86F130BEC5DC}.Release|Any CPU.ActiveCfg = Release|Any CPU
		{5F2EC748-B6B9-47D7-AF72-86F130BEC5DC}.Release|Any CPU.Build.0 = Release|Any CPU
		{F945B691-62A9-4F6D-B04D-E87EAFB49EFF}.Debug|Any CPU.ActiveCfg = Debug|Any CPU
		{F945B691-62A9-4F6D-B04D-E87EAFB49EFF}.Debug|Any CPU.Build.0 = Debug|Any CPU
		{F945B691-62A9-4F6D-B04D-E87EAFB49EFF}.Release|Any CPU.ActiveCfg = Release|Any CPU
		{F945B691-62A9-4F6D-B04D-E87EAFB49EFF}.Release|Any CPU.Build.0 = Release|Any CPU
		{5CCD4E63-FB51-41FE-B24F-2F4D4C31790B}.Debug|Any CPU.ActiveCfg = Debug|Any CPU
		{5CCD4E63-FB51-41FE-B24F-2F4D4C31790B}.Debug|Any CPU.Build.0 = Debug|Any CPU
		{5CCD4E63-FB51-41FE-B24F-2F4D4C31790B}.Release|Any CPU.ActiveCfg = Release|Any CPU
		{5CCD4E63-FB51-41FE-B24F-2F4D4C31790B}.Release|Any CPU.Build.0 = Release|Any CPU
		{93014912-AD73-40B7-84B8-060A88D2145D}.Debug|Any CPU.ActiveCfg = Debug|Any CPU
		{93014912-AD73-40B7-84B8-060A88D2145D}.Debug|Any CPU.Build.0 = Debug|Any CPU
		{93014912-AD73-40B7-84B8-060A88D2145D}.Release|Any CPU.ActiveCfg = Release|Any CPU
		{93014912-AD73-40B7-84B8-060A88D2145D}.Release|Any CPU.Build.0 = Release|Any CPU
		{E17C5557-5BD2-4DCB-B90D-4218F2DF5136}.Debug|Any CPU.ActiveCfg = Debug|Any CPU
		{E17C5557-5BD2-4DCB-B90D-4218F2DF5136}.Debug|Any CPU.Build.0 = Debug|Any CPU
		{E17C5557-5BD2-4DCB-B90D-4218F2DF5136}.Release|Any CPU.ActiveCfg = Release|Any CPU
		{E17C5557-5BD2-4DCB-B90D-4218F2DF5136}.Release|Any CPU.Build.0 = Release|Any CPU
		{B1741D5F-0ED1-4E26-8DE1-E910C7FE6B69}.Debug|Any CPU.ActiveCfg = Debug|Any CPU
		{B1741D5F-0ED1-4E26-8DE1-E910C7FE6B69}.Debug|Any CPU.Build.0 = Debug|Any CPU
		{B1741D5F-0ED1-4E26-8DE1-E910C7FE6B69}.Release|Any CPU.ActiveCfg = Release|Any CPU
		{B1741D5F-0ED1-4E26-8DE1-E910C7FE6B69}.Release|Any CPU.Build.0 = Release|Any CPU
		{0877541A-BD9F-448C-A282-31113EEE2781}.Debug|Any CPU.ActiveCfg = Debug|Any CPU
		{0877541A-BD9F-448C-A282-31113EEE2781}.Debug|Any CPU.Build.0 = Debug|Any CPU
		{0877541A-BD9F-448C-A282-31113EEE2781}.Release|Any CPU.ActiveCfg = Release|Any CPU
		{0877541A-BD9F-448C-A282-31113EEE2781}.Release|Any CPU.Build.0 = Release|Any CPU
		{27921A18-B8B6-42D0-8F4B-8AD9B136E790}.Debug|Any CPU.ActiveCfg = Debug|Any CPU
		{27921A18-B8B6-42D0-8F4B-8AD9B136E790}.Debug|Any CPU.Build.0 = Debug|Any CPU
		{27921A18-B8B6-42D0-8F4B-8AD9B136E790}.Release|Any CPU.ActiveCfg = Release|Any CPU
		{27921A18-B8B6-42D0-8F4B-8AD9B136E790}.Release|Any CPU.Build.0 = Release|Any CPU
		{90C19208-544A-48DD-B1D0-AB85B7519C8E}.Debug|Any CPU.ActiveCfg = Debug|Any CPU
		{90C19208-544A-48DD-B1D0-AB85B7519C8E}.Debug|Any CPU.Build.0 = Debug|Any CPU
		{90C19208-544A-48DD-B1D0-AB85B7519C8E}.Release|Any CPU.ActiveCfg = Release|Any CPU
		{90C19208-544A-48DD-B1D0-AB85B7519C8E}.Release|Any CPU.Build.0 = Release|Any CPU
		{C6F66826-F727-43CB-9EBE-384D0762DDB7}.Debug|Any CPU.ActiveCfg = Debug|Any CPU
		{C6F66826-F727-43CB-9EBE-384D0762DDB7}.Debug|Any CPU.Build.0 = Debug|Any CPU
		{C6F66826-F727-43CB-9EBE-384D0762DDB7}.Release|Any CPU.ActiveCfg = Release|Any CPU
		{C6F66826-F727-43CB-9EBE-384D0762DDB7}.Release|Any CPU.Build.0 = Release|Any CPU
		{A46380C5-2EFF-4869-94F6-C92159C7672F}.Debug|Any CPU.ActiveCfg = Debug|Any CPU
		{A46380C5-2EFF-4869-94F6-C92159C7672F}.Debug|Any CPU.Build.0 = Debug|Any CPU
		{A46380C5-2EFF-4869-94F6-C92159C7672F}.Release|Any CPU.ActiveCfg = Release|Any CPU
		{A46380C5-2EFF-4869-94F6-C92159C7672F}.Release|Any CPU.Build.0 = Release|Any CPU
	EndGlobalSection
	GlobalSection(SolutionProperties) = preSolution
		HideSolutionNode = FALSE
	EndGlobalSection
	GlobalSection(ExtensibilityGlobals) = postSolution
		SolutionGuid = {E9C5B3DF-0C0A-4585-92AF-4A08DDE975C6}
	EndGlobalSection
EndGlobal
