
Microsoft Visual Studio Solution File, Format Version 12.00
# Visual Studio Version 16
VisualStudioVersion = 16.0.28922.388
MinimumVisualStudioVersion = 10.0.40219.1
Project("{FAE04EC0-301F-11D3-BF4B-00C04F79EFBC}") = "Exercise1", "Exercise1\Exercise1.csproj", "{4EF05406-E79A-40A9-B8F4-BC50B03FBE1B}"
EndProject
Project("{FAE04EC0-301F-11D3-BF4B-00C04F79EFBC}") = "Exercise2", "Exercise2\Exercise2.csproj", "{5F2EC748-B6B9-47D7-AF72-86F130BEC5DC}"
EndProject
Project("{FAE04EC0-301F-11D3-BF4B-00C04F79EFBC}") = "Exercise3", "Exercise3\Exercise3.csproj", "{F945B691-62A9-4F6D-B04D-E87EAFB49EFF}"
EndProject
Global
	GlobalSection(SolutionConfigurationPlatforms) = preSolution
		Debug|Any CPU = Debug|Any CPU
		Release|Any CPU = Release|Any CPU
	EndGlobalSection
	GlobalSection(ProjectConfigurationPlatforms) = postSolution
		{4EF05406-E79A-40A9-B8F4-BC50B03FBE1B}.Debug|Any CPU.ActiveCfg = Debug|Any CPU
		{4EF05406-E79A-40A9-B8F4-BC50B03FBE1B}.Debug|Any CPU.Build.0 = Debug|Any CPU
		{4EF05406-E79A-40A9-B8F4-BC50B03FBE1B}.Release|Any CPU.ActiveCfg = Release|Any CPU
		{4EF05406-E79A-40A9-B8F4-BC50B03FBE1B}.Release|Any CPU.Build.0 = Release|Any CPU
		{5F2EC748-B6B9-47D7-AF72-86F130BEC5DC}.Debug|Any CPU.ActiveCfg = Debug|Any CPU
		{5F2EC748-B6B9-47D7-AF72-86F130BEC5DC}.Debug|Any CPU.Build.0 = Debug|Any CPU
		{5F2EC748-B6B9-47D7-AF72-86F130BEC5DC}.Release|Any CPU.ActiveCfg = Release|Any CPU
		{5F2EC748-B6B9-47D7-AF72-86F130BEC5DC}.Release|Any CPU.Build.0 = Release|Any CPU
		{F945B691-62A9-4F6D-B04D-E87EAFB49EFF}.Debug|Any CPU.ActiveCfg = Debug|Any CPU
		{F945B691-62A9-4F6D-B04D-E87EAFB49EFF}.Debug|Any CPU.Build.0 = Debug|Any CPU
		{F945B691-62A9-4F6D-B04D-E87EAFB49EFF}.Release|Any CPU.ActiveCfg = Release|Any CPU
		{F945B691-62A9-4F6D-B04D-E87EAFB49EFF}.Release|Any CPU.Build.0 = Release|Any CPU
	EndGlobalSection
	GlobalSection(SolutionProperties) = preSolution
		HideSolutionNode = FALSE
	EndGlobalSection
	GlobalSection(ExtensibilityGlobals) = postSolution
		SolutionGuid = {E9C5B3DF-0C0A-4585-92AF-4A08DDE975C6}
	EndGlobalSection
EndGlobal
