
Microsoft Visual Studio Solution File, Format Version 12.00
# Visual Studio Version 16
VisualStudioVersion = 16.0.28917.181
MinimumVisualStudioVersion = 10.0.40219.1
Project("{9A19103F-16F7-4668-BE54-9A1E7A4F7556}") = "SetsAndDictionariesExercise1", "SetsAndDictionariesExercise1\SetsAndDictionariesExercise1.csproj", "{8578C432-BC1C-4D62-B4B1-B6C3FF435672}"
EndProject
Project("{9A19103F-16F7-4668-BE54-9A1E7A4F7556}") = "Exercise2", "Exercise2\Exercise2.csproj", "{D4DCAAB5-AA2F-4002-A29B-F7E6B4715B62}"
EndProject
Project("{9A19103F-16F7-4668-BE54-9A1E7A4F7556}") = "Exercise3", "Exercise3\Exercise3.csproj", "{4CF514F9-994D-4E9C-A6BC-F228306B8B84}"
EndProject
Project("{9A19103F-16F7-4668-BE54-9A1E7A4F7556}") = "Exercise4", "Exercise4\Exercise4.csproj", "{BCB277F0-B93E-42DF-9BE8-B9032D9EBB84}"
EndProject
Project("{9A19103F-16F7-4668-BE54-9A1E7A4F7556}") = "Exercise5", "Exercise5\Exercise5.csproj", "{51D220CD-635D-48CE-97AE-A04DE93A891B}"
EndProject
Project("{FAE04EC0-301F-11D3-BF4B-00C04F79EFBC}") = "Exercise6", "Exercise6\Exercise6.csproj", "{12F89FA4-A1CF-493D-B96E-0D02AE3A0147}"
EndProject
Global
	GlobalSection(SolutionConfigurationPlatforms) = preSolution
		Debug|Any CPU = Debug|Any CPU
		Release|Any CPU = Release|Any CPU
	EndGlobalSection
	GlobalSection(ProjectConfigurationPlatforms) = postSolution
		{8578C432-BC1C-4D62-B4B1-B6C3FF435672}.Debug|Any CPU.ActiveCfg = Debug|Any CPU
		{8578C432-BC1C-4D62-B4B1-B6C3FF435672}.Debug|Any CPU.Build.0 = Debug|Any CPU
		{8578C432-BC1C-4D62-B4B1-B6C3FF435672}.Release|Any CPU.ActiveCfg = Release|Any CPU
		{8578C432-BC1C-4D62-B4B1-B6C3FF435672}.Release|Any CPU.Build.0 = Release|Any CPU
		{D4DCAAB5-AA2F-4002-A29B-F7E6B4715B62}.Debug|Any CPU.ActiveCfg = Debug|Any CPU
		{D4DCAAB5-AA2F-4002-A29B-F7E6B4715B62}.Debug|Any CPU.Build.0 = Debug|Any CPU
		{D4DCAAB5-AA2F-4002-A29B-F7E6B4715B62}.Release|Any CPU.ActiveCfg = Release|Any CPU
		{D4DCAAB5-AA2F-4002-A29B-F7E6B4715B62}.Release|Any CPU.Build.0 = Release|Any CPU
		{4CF514F9-994D-4E9C-A6BC-F228306B8B84}.Debug|Any CPU.ActiveCfg = Debug|Any CPU
		{4CF514F9-994D-4E9C-A6BC-F228306B8B84}.Debug|Any CPU.Build.0 = Debug|Any CPU
		{4CF514F9-994D-4E9C-A6BC-F228306B8B84}.Release|Any CPU.ActiveCfg = Release|Any CPU
		{4CF514F9-994D-4E9C-A6BC-F228306B8B84}.Release|Any CPU.Build.0 = Release|Any CPU
		{BCB277F0-B93E-42DF-9BE8-B9032D9EBB84}.Debug|Any CPU.ActiveCfg = Debug|Any CPU
		{BCB277F0-B93E-42DF-9BE8-B9032D9EBB84}.Debug|Any CPU.Build.0 = Debug|Any CPU
		{BCB277F0-B93E-42DF-9BE8-B9032D9EBB84}.Release|Any CPU.ActiveCfg = Release|Any CPU
		{BCB277F0-B93E-42DF-9BE8-B9032D9EBB84}.Release|Any CPU.Build.0 = Release|Any CPU
		{51D220CD-635D-48CE-97AE-A04DE93A891B}.Debug|Any CPU.ActiveCfg = Debug|Any CPU
		{51D220CD-635D-48CE-97AE-A04DE93A891B}.Debug|Any CPU.Build.0 = Debug|Any CPU
		{51D220CD-635D-48CE-97AE-A04DE93A891B}.Release|Any CPU.ActiveCfg = Release|Any CPU
		{51D220CD-635D-48CE-97AE-A04DE93A891B}.Release|Any CPU.Build.0 = Release|Any CPU
		{12F89FA4-A1CF-493D-B96E-0D02AE3A0147}.Debug|Any CPU.ActiveCfg = Debug|Any CPU
		{12F89FA4-A1CF-493D-B96E-0D02AE3A0147}.Debug|Any CPU.Build.0 = Debug|Any CPU
		{12F89FA4-A1CF-493D-B96E-0D02AE3A0147}.Release|Any CPU.ActiveCfg = Release|Any CPU
		{12F89FA4-A1CF-493D-B96E-0D02AE3A0147}.Release|Any CPU.Build.0 = Release|Any CPU
	EndGlobalSection
	GlobalSection(SolutionProperties) = preSolution
		HideSolutionNode = FALSE
	EndGlobalSection
	GlobalSection(ExtensibilityGlobals) = postSolution
		SolutionGuid = {958EFB39-BF00-44EB-A593-A7D70893ADE9}
	EndGlobalSection
EndGlobal
