
Microsoft Visual Studio Solution File, Format Version 12.00
# Visual Studio Version 16
VisualStudioVersion = 16.0.28917.181
MinimumVisualStudioVersion = 10.0.40219.1
Project("{9A19103F-16F7-4668-BE54-9A1E7A4F7556}") = "PersonInfo", "PersonInfo\PersonInfo.csproj", "{A23438AB-1F46-44F8-988C-BA9737557F8D}"
EndProject
Project("{9A19103F-16F7-4668-BE54-9A1E7A4F7556}") = "MultipleImplementation", "MultipleImplementation\MultipleImplementation.csproj", "{98F2B45C-A45E-4A7E-A332-82FCD6631810}"
EndProject
Project("{9A19103F-16F7-4668-BE54-9A1E7A4F7556}") = "Ferrari", "Ferrari\Ferrari.csproj", "{FF4BA7F5-7C89-497A-A5D2-A815FC79E109}"
EndProject
Project("{FAE04EC0-301F-11D3-BF4B-00C04F79EFBC}") = "Telephony", "Telephony\Telephony.csproj", "{F50E08AD-F0D6-4FF2-B474-8A919911731A}"
EndProject
Project("{FAE04EC0-301F-11D3-BF4B-00C04F79EFBC}") = "BorderControl", "BorderControl\BorderControl.csproj", "{512B1453-B8AF-4CE0-82CD-37D64307105E}"
EndProject
Global
	GlobalSection(SolutionConfigurationPlatforms) = preSolution
		Debug|Any CPU = Debug|Any CPU
		Release|Any CPU = Release|Any CPU
	EndGlobalSection
	GlobalSection(ProjectConfigurationPlatforms) = postSolution
		{A23438AB-1F46-44F8-988C-BA9737557F8D}.Debug|Any CPU.ActiveCfg = Debug|Any CPU
		{A23438AB-1F46-44F8-988C-BA9737557F8D}.Debug|Any CPU.Build.0 = Debug|Any CPU
		{A23438AB-1F46-44F8-988C-BA9737557F8D}.Release|Any CPU.ActiveCfg = Release|Any CPU
		{A23438AB-1F46-44F8-988C-BA9737557F8D}.Release|Any CPU.Build.0 = Release|Any CPU
		{98F2B45C-A45E-4A7E-A332-82FCD6631810}.Debug|Any CPU.ActiveCfg = Debug|Any CPU
		{98F2B45C-A45E-4A7E-A332-82FCD6631810}.Debug|Any CPU.Build.0 = Debug|Any CPU
		{98F2B45C-A45E-4A7E-A332-82FCD6631810}.Release|Any CPU.ActiveCfg = Release|Any CPU
		{98F2B45C-A45E-4A7E-A332-82FCD6631810}.Release|Any CPU.Build.0 = Release|Any CPU
		{FF4BA7F5-7C89-497A-A5D2-A815FC79E109}.Debug|Any CPU.ActiveCfg = Debug|Any CPU
		{FF4BA7F5-7C89-497A-A5D2-A815FC79E109}.Debug|Any CPU.Build.0 = Debug|Any CPU
		{FF4BA7F5-7C89-497A-A5D2-A815FC79E109}.Release|Any CPU.ActiveCfg = Release|Any CPU
		{FF4BA7F5-7C89-497A-A5D2-A815FC79E109}.Release|Any CPU.Build.0 = Release|Any CPU
		{F50E08AD-F0D6-4FF2-B474-8A919911731A}.Debug|Any CPU.ActiveCfg = Debug|Any CPU
		{F50E08AD-F0D6-4FF2-B474-8A919911731A}.Debug|Any CPU.Build.0 = Debug|Any CPU
		{F50E08AD-F0D6-4FF2-B474-8A919911731A}.Release|Any CPU.ActiveCfg = Release|Any CPU
		{F50E08AD-F0D6-4FF2-B474-8A919911731A}.Release|Any CPU.Build.0 = Release|Any CPU
		{512B1453-B8AF-4CE0-82CD-37D64307105E}.Debug|Any CPU.ActiveCfg = Debug|Any CPU
		{512B1453-B8AF-4CE0-82CD-37D64307105E}.Debug|Any CPU.Build.0 = Debug|Any CPU
		{512B1453-B8AF-4CE0-82CD-37D64307105E}.Release|Any CPU.ActiveCfg = Release|Any CPU
		{512B1453-B8AF-4CE0-82CD-37D64307105E}.Release|Any CPU.Build.0 = Release|Any CPU
	EndGlobalSection
	GlobalSection(SolutionProperties) = preSolution
		HideSolutionNode = FALSE
	EndGlobalSection
	GlobalSection(ExtensibilityGlobals) = postSolution
		SolutionGuid = {F5A7302A-FAD6-438E-A3CB-2996626553E2}
	EndGlobalSection
EndGlobal
